
Microsoft Visual Studio Solution File, Format Version 12.00
# Visual Studio Version 17
VisualStudioVersion = 17.0.31903.59
MinimumVisualStudioVersion = 10.0.40219.1
Project("{FAE04EC0-301F-11D3-BF4B-00C04F79EFBC}") = "PetProject.API", "src\PetProject.API\PetProject.API.csproj", "{094DBE6A-74D6-4D1A-B62D-17F190933296}"
EndProject
Project("{FAE04EC0-301F-11D3-BF4B-00C04F79EFBC}") = "PetProject.Domain", "src\PetProject.Domain\PetProject.Domain.csproj", "{9F0257C1-4308-4BA9-AE3F-02E01B272A76}"
EndProject
Project("{FAE04EC0-301F-11D3-BF4B-00C04F79EFBC}") = "PetProject.Infrastructure", "src\PetProject.Infrastructure\PetProject.Infrastructure.csproj", "{7D70BF6A-0933-4368-B260-1C38FC760068}"
EndProject
Project("{FAE04EC0-301F-11D3-BF4B-00C04F79EFBC}") = "PetProject.Application", "src\PetProject.Application\PetProject.Application.csproj", "{08CEAC7F-FB13-45E1-9FC2-0764FC686331}"
EndProject
Global
	GlobalSection(SolutionConfigurationPlatforms) = preSolution
		Debug|Any CPU = Debug|Any CPU
		Release|Any CPU = Release|Any CPU
	EndGlobalSection
	GlobalSection(SolutionProperties) = preSolution
		HideSolutionNode = FALSE
	EndGlobalSection
	GlobalSection(ProjectConfigurationPlatforms) = postSolution
		{094DBE6A-74D6-4D1A-B62D-17F190933296}.Debug|Any CPU.ActiveCfg = Debug|Any CPU
		{094DBE6A-74D6-4D1A-B62D-17F190933296}.Debug|Any CPU.Build.0 = Debug|Any CPU
		{094DBE6A-74D6-4D1A-B62D-17F190933296}.Release|Any CPU.ActiveCfg = Release|Any CPU
		{094DBE6A-74D6-4D1A-B62D-17F190933296}.Release|Any CPU.Build.0 = Release|Any CPU
		{9F0257C1-4308-4BA9-AE3F-02E01B272A76}.Debug|Any CPU.ActiveCfg = Debug|Any CPU
		{9F0257C1-4308-4BA9-AE3F-02E01B272A76}.Debug|Any CPU.Build.0 = Debug|Any CPU
		{9F0257C1-4308-4BA9-AE3F-02E01B272A76}.Release|Any CPU.ActiveCfg = Release|Any CPU
		{9F0257C1-4308-4BA9-AE3F-02E01B272A76}.Release|Any CPU.Build.0 = Release|Any CPU
		{7D70BF6A-0933-4368-B260-1C38FC760068}.Debug|Any CPU.ActiveCfg = Debug|Any CPU
		{7D70BF6A-0933-4368-B260-1C38FC760068}.Debug|Any CPU.Build.0 = Debug|Any CPU
		{7D70BF6A-0933-4368-B260-1C38FC760068}.Release|Any CPU.ActiveCfg = Release|Any CPU
		{7D70BF6A-0933-4368-B260-1C38FC760068}.Release|Any CPU.Build.0 = Release|Any CPU
		{08CEAC7F-FB13-45E1-9FC2-0764FC686331}.Debug|Any CPU.ActiveCfg = Debug|Any CPU
		{08CEAC7F-FB13-45E1-9FC2-0764FC686331}.Debug|Any CPU.Build.0 = Debug|Any CPU
		{08CEAC7F-FB13-45E1-9FC2-0764FC686331}.Release|Any CPU.ActiveCfg = Release|Any CPU
		{08CEAC7F-FB13-45E1-9FC2-0764FC686331}.Release|Any CPU.Build.0 = Release|Any CPU
	EndGlobalSection
EndGlobal
